{
  "nodes": {
    "codex-cli-nix": {
      "inputs": {
        "flake-utils": "flake-utils",
        "nixpkgs": [
          "nixpkgs-unstable"
        ]
      },
      "locked": {
        "lastModified": 1790716519,
        "narHash": "sha256-NpohRwQkPnm5XCs91GeeYB+H7B5ZBv/pGm3Ztev38xQ=",
        "owner": "sadjow",
        "repo": "codex-cli-nix",
        "rev": "3422ac7dfb605b5b02a39d55ed3b9e1b29007f11",
        "type": "github"
      },
      "original": {
        "owner": "sadjow",
        "repo": "codex-cli-nix",
        "type": "github"
      }
    },
    "flake-utils": {
      "inputs": {
        "systems": "systems"
      },
      "locked": {
        "lastModified": 1731533236,
        "narHash": "sha256-l0KFg5HjrsfsO/JpG+r7fRrqm12kzFHyUHqHCVpMMbI=",
        "owner": "numtide",
        "repo": "flake-utils",
        "rev": "11707dc2f618dd54ca8739b309ec4fc024de578b",
        "type": "github"
      },
      "original": {
        "owner": "numtide",
        "repo": "flake-utils",
        "type": "github"
      }
    },
    "herdr": {
      "inputs": {
        "nixpkgs": [
          "nixpkgs-unstable"
        ],
        "rust-overlay": "rust-overlay"
      },
      "locked": {
        "lastModified": 1790725267,
        "narHash": "sha256-ZzXxgyVewI43Y/5TlNmkNmHQbidltLlANCXb4Hk39Og=",
        "owner": "herdrdev",
        "repo": "herdr",
        "rev": "331775c3e51e8cca4d122468180738101bd9e6b0",
        "type": "github"
      },
      "original": {
        "owner": "herdrdev",
        "repo": "herdr",
        "type": "github"
      }
    },
    "herdr-navigator": {
      "flake": false,
      "locked": {
        "lastModified": 1785648024,
        "narHash": "sha256-TOAURrMM2UnFaVBFC+ElRaFqYZVx3GtpAx3PuRlc5Nc=",
        "owner": "thanhdat77",
        "repo": "herdr-navigator",
        "rev": "745019ebdc38f9752629c93d2ca56d1ce638cf98",
        "type": "github"
      },
      "original": {
        "owner": "thanhdat77",
        "ref": "v0.3.5",
        "repo": "herdr-navigator",
        "type": "github"
      }
    },
    "herdr-pluck": {
      "flake": false,
      "locked": {
        "lastModified": 1786121512,
        "narHash": "sha256-QFHjKbNPuK4pNd9T1S6IlHyFfXBRik93js+1mlXZDT4=",
        "owner": "rmarganti",
        "repo": "herdr-pluck",
        "rev": "d1eacb80956c3a23ab6f7428a9e83961fb86ba28",
        "type": "github"
      },
      "original": {
        "owner": "rmarganti",
        "ref": "v0.3.1",
        "repo": "herdr-pluck",
        "type": "github"
      }
    },
    "herdr-plugins": {
      "flake": false,
      "locked": {
        "lastModified": 1790049028,
        "narHash": "sha256-Ex90ILBBgnK1gTYV3PFMpaXfXnlyF6NSZrvninOqexY=",
        "owner": "5n7",
        "repo": "herdr-plugins",
        "rev": "19c2d6eee6c6ae909d64e3077d14e6a783184c26",
        "type": "github"
      },
      "original": {
        "owner": "5n7",
        "repo": "herdr-plugins",
        "type": "github"
      }
    },
    "home-manager": {
      "inputs": {
        "nixpkgs": [
          "nixpkgs"
        ]
      },
      "locked": {
        "lastModified": 1790215976,
        "narHash": "sha256-VkR1rMGyjU9jtw8ISFx5uqR9e+LEaOlhHwrseFkiIVk=",
        "owner": "nix-community",
        "repo": "home-manager",
        "rev": "a6631107a83ceab5872f298a2ea710859c80c4cb",
        "type": "github"
      },
      "original": {
        "owner": "nix-community",
        "ref": "release-26.05",
        "repo": "home-manager",
        "type": "github"
      }
    },
    "nix-claude-code": {
      "inputs": {
        "nixpkgs": [
          "nixpkgs"
        ]
      },
      "locked": {
        "lastModified": 1790712122,
        "narHash": "sha256-LeqXCq8A9XnlchCis1LZ7Mc0OKAD48U84k6dOPlsXJ8=",
        "owner": "ryoppippi",
        "repo": "nix-claude-code",
        "rev": "2607b1d3deb4fba5e75a37bbad0e63d008616fe5",
        "type": "github"
      },
      "original": {
        "owner": "ryoppippi",
        "repo": "nix-claude-code",
        "type": "github"
      }
    },
    "nix-darwin": {
      "inputs": {
        "nixpkgs": [
          "nixpkgs"
        ]
      },
      "locked": {
        "lastModified": 1783744694,
        "narHash": "sha256-2cp6N3rrwnGYLTx9l6N+NI+kwrCWxvJUbj5WJhvB29A=",
        "owner": "nix-darwin",
        "repo": "nix-darwin",
        "rev": "c3e90c89649b07d1a96e4b9dd6cd0d6e44b91a74",
        "type": "github"
      },
      "original": {
        "owner": "nix-darwin",
        "ref": "nix-darwin-26.05",
        "repo": "nix-darwin",
        "type": "github"
      }
    },
    "nixpkgs": {
      "locked": {
        "lastModified": 1790614890,
        "narHash": "sha256-++Rits15TV+CJgOYmZX6ycHWZaS0FEJJA7DLZP8mF+k=",
        "owner": "NixOS",
        "repo": "nixpkgs",
        "rev": "dc8993a5c130c05a8565579014968a112d416d76",
        "type": "github"
      },
      "original": {
        "owner": "NixOS",
        "ref": "nixpkgs-26.05-darwin",
        "repo": "nixpkgs",
        "type": "github"
      }
    },
    "nixpkgs-unstable": {
      "locked": {
        "lastModified": 1790600678,
        "narHash": "sha256-6k3n7X2UsZ6tAlWTz99RimiZab+17tMUrw9sRUcELiA=",
        "owner": "NixOS",
        "repo": "nixpkgs",
        "rev": "f45c6f04c2f013f004bf94e284e95d72898d9393",
        "type": "github"
      },
      "original": {
        "owner": "NixOS",
        "ref": "nixpkgs-unstable",
        "repo": "nixpkgs",
        "type": "github"
      }
    },
    "root": {
      "inputs": {
        "codex-cli-nix": "codex-cli-nix",
        "herdr": "herdr",
        "herdr-navigator": "herdr-navigator",
        "herdr-pluck": "herdr-pluck",
        "herdr-plugins": "herdr-plugins",
        "home-manager": "home-manager",
        "nix-claude-code": "nix-claude-code",
        "nix-darwin": "nix-darwin",
        "nixpkgs": "nixpkgs",
        "nixpkgs-unstable": "nixpkgs-unstable",
        "treefmt-nix": "treefmt-nix"
      }
    },
    "rust-overlay": {
      "inputs": {
        "nixpkgs": [
          "herdr",
          "nixpkgs"
        ]
      },
      "locked": {
        "lastModified": 1783577481,
        "narHash": "sha256-EWMxOWrJ031f8f/lrcEmhTRs4npw1/5N3Hcjin846c8=",
        "owner": "oxalica",
        "repo": "rust-overlay",
        "rev": "4cdea398dc491b082dccdce0fad1ed0b75fa3394",
        "type": "github"
      },
      "original": {
        "owner": "oxalica",
        "repo": "rust-overlay",
        "type": "github"
      }
    },
    "systems": {
      "locked": {
        "lastModified": 1681028828,
        "narHash": "sha256-Vy1rq5AaRuLzOxct8nz4T6wlgyUR7zLU309k9mBC768=",
        "owner": "nix-systems",
        "repo": "default",
        "rev": "da67096a3b9bf56a91d16901293e51ba5b49a27e",
        "type": "github"
      },
      "original": {
        "owner": "nix-systems",
        "repo": "default",
        "type": "github"
      }
    },
    "treefmt-nix": {
      "inputs": {
        "nixpkgs": [
          "nixpkgs"
        ]
      },
      "locked": {
        "lastModified": 1786901030,
        "narHash": "sha256-WSFCsDSE5ffgD2MqzkM2CYjeFiKhRF/dJUN8uedb6YE=",
        "owner": "numtide",
        "repo": "treefmt-nix",
        "rev": "27b3b12a8e6375f28ebe122f07d230ca5459bbfa",
        "type": "github"
      },
      "original": {
        "owner": "numtide",
        "repo": "treefmt-nix",
        "type": "github"
      }
    }
  },
  "root": "root",
  "version": 7
}
