{
  "nodes": {
    "codex-cli-nix": {
      "inputs": {
        "flake-utils": "flake-utils",
        "nixpkgs": [
          "nixpkgs-unstable"
        ]
      },
      "locked": {
        "lastModified": 1788995571,
        "narHash": "sha256-I58IVp7HfT3TTKZJ5kh7/Lttu9DnRZFC0qmvxnIvIj4=",
        "owner": "sadjow",
        "repo": "codex-cli-nix",
        "rev": "33542c7e7139127a4bac1cbe0fac8c81a570410a",
        "type": "github"
      },
      "original": {
        "owner": "sadjow",
        "repo": "codex-cli-nix",
        "type": "github"
      }
    },
    "flake-utils": {
      "inputs": {
        "systems": "systems"
      },
      "locked": {
        "lastModified": 1731533236,
        "narHash": "sha256-l0KFg5HjrsfsO/JpG+r7fRrqm12kzFHyUHqHCVpMMbI=",
        "owner": "numtide",
        "repo": "flake-utils",
        "rev": "11707dc2f618dd54ca8739b309ec4fc024de578b",
        "type": "github"
      },
      "original": {
        "owner": "numtide",
        "repo": "flake-utils",
        "type": "github"
      }
    },
    "herdr": {
      "inputs": {
        "nixpkgs": [
          "nixpkgs-unstable"
        ],
        "rust-overlay": "rust-overlay"
      },
      "locked": {
        "lastModified": 1789047470,
        "narHash": "sha256-9jBtNBphxaqNU1IvEtqfMLjohyJ+iW02OA6HeOUM/Nc=",
        "owner": "herdrdev",
        "repo": "herdr",
        "rev": "90e947a6e26e02f10ec7f1694c4eb5b78a86406b",
        "type": "github"
      },
      "original": {
        "owner": "herdrdev",
        "repo": "herdr",
        "type": "github"
      }
    },
    "herdr-navigator": {
      "flake": false,
      "locked": {
        "lastModified": 1785648024,
        "narHash": "sha256-TOAURrMM2UnFaVBFC+ElRaFqYZVx3GtpAx3PuRlc5Nc=",
        "owner": "thanhdat77",
        "repo": "herdr-navigator",
        "rev": "745019ebdc38f9752629c93d2ca56d1ce638cf98",
        "type": "github"
      },
      "original": {
        "owner": "thanhdat77",
        "ref": "v0.3.5",
        "repo": "herdr-navigator",
        "type": "github"
      }
    },
    "herdr-pluck": {
      "flake": false,
      "locked": {
        "lastModified": 1786121512,
        "narHash": "sha256-QFHjKbNPuK4pNd9T1S6IlHyFfXBRik93js+1mlXZDT4=",
        "owner": "rmarganti",
        "repo": "herdr-pluck",
        "rev": "d1eacb80956c3a23ab6f7428a9e83961fb86ba28",
        "type": "github"
      },
      "original": {
        "owner": "rmarganti",
        "ref": "v0.3.1",
        "repo": "herdr-pluck",
        "type": "github"
      }
    },
    "home-manager": {
      "inputs": {
        "nixpkgs": [
          "nixpkgs"
        ]
      },
      "locked": {
        "lastModified": 1788642154,
        "narHash": "sha256-sPpQFVaFTDqO/4vvCAhuAhqTgqN/ygu+9eJcs5eB0js=",
        "owner": "nix-community",
        "repo": "home-manager",
        "rev": "fd0956c99c41ae3c13a73a638f1f7e963aebc4ab",
        "type": "github"
      },
      "original": {
        "owner": "nix-community",
        "ref": "release-26.05",
        "repo": "home-manager",
        "type": "github"
      }
    },
    "nix-claude-code": {
      "inputs": {
        "nixpkgs": [
          "nixpkgs"
        ]
      },
      "locked": {
        "lastModified": 1788980493,
        "narHash": "sha256-S1uKFPSAMtjAfXS4/iKP7Gzdir8c88aOJmIfOolGn9E=",
        "owner": "ryoppippi",
        "repo": "nix-claude-code",
        "rev": "c1b3b0b07d055d26c1b2adf754d004a85b4912bb",
        "type": "github"
      },
      "original": {
        "owner": "ryoppippi",
        "repo": "nix-claude-code",
        "type": "github"
      }
    },
    "nix-darwin": {
      "inputs": {
        "nixpkgs": [
          "nixpkgs"
        ]
      },
      "locked": {
        "lastModified": 1783744694,
        "narHash": "sha256-2cp6N3rrwnGYLTx9l6N+NI+kwrCWxvJUbj5WJhvB29A=",
        "owner": "nix-darwin",
        "repo": "nix-darwin",
        "rev": "c3e90c89649b07d1a96e4b9dd6cd0d6e44b91a74",
        "type": "github"
      },
      "original": {
        "owner": "nix-darwin",
        "ref": "nix-darwin-26.05",
        "repo": "nix-darwin",
        "type": "github"
      }
    },
    "nixpkgs": {
      "locked": {
        "lastModified": 1789009968,
        "narHash": "sha256-GB16oaxpsrnGNnGIE+0uYBqMRzB9X6FYDUvjvnJAYew=",
        "owner": "NixOS",
        "repo": "nixpkgs",
        "rev": "d58a46e3bc02d91ebe04667f8397752a749c0024",
        "type": "github"
      },
      "original": {
        "owner": "NixOS",
        "ref": "nixpkgs-26.05-darwin",
        "repo": "nixpkgs",
        "type": "github"
      }
    },
    "nixpkgs-unstable": {
      "locked": {
        "lastModified": 1789012029,
        "narHash": "sha256-1CBkBf+Nhggykzlx0jvXrj5rk20btl+tK8Fa8Ml/BL4=",
        "owner": "NixOS",
        "repo": "nixpkgs",
        "rev": "d5dfd8e6716dde34398bc14bc87c10dece9c8c68",
        "type": "github"
      },
      "original": {
        "owner": "NixOS",
        "ref": "nixpkgs-unstable",
        "repo": "nixpkgs",
        "type": "github"
      }
    },
    "root": {
      "inputs": {
        "codex-cli-nix": "codex-cli-nix",
        "herdr": "herdr",
        "herdr-navigator": "herdr-navigator",
        "herdr-pluck": "herdr-pluck",
        "home-manager": "home-manager",
        "nix-claude-code": "nix-claude-code",
        "nix-darwin": "nix-darwin",
        "nixpkgs": "nixpkgs",
        "nixpkgs-unstable": "nixpkgs-unstable",
        "treefmt-nix": "treefmt-nix_3"
      }
    },
    "rust-overlay": {
      "inputs": {
        "nixpkgs": [
          "herdr",
          "nixpkgs"
        ]
      },
      "locked": {
        "lastModified": 1783577481,
        "narHash": "sha256-EWMxOWrJ031f8f/lrcEmhTRs4npw1/5N3Hcjin846c8=",
        "owner": "oxalica",
        "repo": "rust-overlay",
        "rev": "4cdea398dc491b082dccdce0fad1ed0b75fa3394",
        "type": "github"
      },
      "original": {
        "owner": "oxalica",
        "repo": "rust-overlay",
        "type": "github"
      }
    },
    "systems": {
      "locked": {
        "lastModified": 1681028828,
        "narHash": "sha256-Vy1rq5AaRuLzOxct8nz4T6wlgyUR7zLU309k9mBC768=",
        "owner": "nix-systems",
        "repo": "default",
        "rev": "da67096a3b9bf56a91d16901293e51ba5b49a27e",
        "type": "github"
      },
      "original": {
        "owner": "nix-systems",
        "repo": "default",
        "type": "github"
      }
    },
    "treefmt-nix_3": {
      "inputs": {
        "nixpkgs": [
          "nixpkgs"
        ]
      },
      "locked": {
        "lastModified": 1786901030,
        "narHash": "sha256-WSFCsDSE5ffgD2MqzkM2CYjeFiKhRF/dJUN8uedb6YE=",
        "owner": "numtide",
        "repo": "treefmt-nix",
        "rev": "27b3b12a8e6375f28ebe122f07d230ca5459bbfa",
        "type": "github"
      },
      "original": {
        "owner": "numtide",
        "repo": "treefmt-nix",
        "type": "github"
      }
    }
  },
  "root": "root",
  "version": 7
}
